{
  "version": 4,
  "terraform_version": "1.4.4",
  "serial": 370,
  "lineage": "3a035b60-85f5-5108-9507-1d52a27f0936",
  "outputs": {
    "lb_url": {
      "value": "http://tf-lb-20240104205513722900000004-2118605398.us-east-1.elb.amazonaws.com",
      "type": "string"
    }
  },
  "resources": [
    {
      "mode": "data",
      "type": "aws_availability_zones",
      "name": "available",
      "provider": "provider[\"registry.terraform.io/hashicorp/aws\"]",
      "instances": [
        {
          "schema_version": 0,
          "attributes": {
            "all_availability_zones": null,
            "exclude_names": null,
            "exclude_zone_ids": null,
            "filter": null,
            "group_names": [
              "us-east-1"
            ],
            "id": "us-east-1",
            "names": [
              "us-east-1a",
              "us-east-1b",
              "us-east-1c",
              "us-east-1d",
              "us-east-1e",
              "us-east-1f"
            ],
            "state": "available",
            "timeouts": null,
            "zone_ids": [
              "use1-az4",
              "use1-az6",
              "use1-az1",
              "use1-az2",
              "use1-az3",
              "use1-az5"
            ]
          },
          "sensitive_attributes": []
        }
      ]
    },
    {
      "mode": "data",
      "type": "aws_caller_identity",
      "name": "this",
      "provider": "provider[\"registry.terraform.io/hashicorp/aws\"]",
      "instances": [
        {
          "schema_version": 0,
          "attributes": {
            "account_id": "127293717875",
            "arn": "arn:aws:iam::127293717875:user/personal",
            "id": "127293717875",
            "user_id": "AIDAR3I2L7VZRI5A5S25P"
          },
          "sensitive_attributes": []
        }
      ]
    },
    {
      "mode": "data",
      "type": "aws_ecr_authorization_token",
      "name": "this",
      "provider": "provider[\"registry.terraform.io/hashicorp/aws\"]",
      "instances": [
        {
          "schema_version": 0,
          "attributes": {
            "authorization_token": "QVdTOmV5SndZWGxzYjJGa0lqb2lVWEZ0TldaMk5XMHJibEZIVFU1a0szZFhNRlpWYzA5ME56SXpVMEUzWkdZdlMzRnZORmQzZGxncmFsUXZOVnAxVWtGTFJFcEZPWG8zU0hOaVJVWTJaRFUzY2pFMWNWb3hRa3d6U214WVNFZzNkMHB2Y1ZaSGJWTlpjWE4wV0ZwbWFXOTVURmw1VEhCaldqUkNia3R6V0hKa09YZGpNM1ZKYm5wM1JraERVVGhLVkRWTFpIcFZlRGhZWWpCUVJqUjJNMWxhVWxSbWJFVjVUeXRWZDJ4NmRGRlBOVlZIWXpKb05sTTFNR1V3UnpCNmJHOHhUV3B4Um1KSGVUQlhVbmd6VGtOTE1tWkVObVp0ZFdGSVRtVkpaRGxRT1c1V2VpOTVOR2xOWTNjeFlWRllWek5TVGpZMFRHNUtUWFJSYkRGVmQweDNNMEZwV0VkRGRubDVOMmRoTVZnMWFIZzVNRVJwZUUxeFVEaFllazV5WVRscFdEQlpPRFZuYUdNMmJHRXZjVmR0WkdaR1FrdERkM054VjJWRllUTXhSRWREVldaWmJrdFNZMnRRUmpJelkzcDJUQ3QwVlcxV1FtMUVWbE5CZUhkM1dIZExVbVpLVmtaQ1JsQktVMEpIWWpKaVpubHdZMjVrUWsxUk5HeFVPR2xrV1d0UE9TOUZObGxPYkdSTEsxUkNOVUpxTW5WNVNtUmpPSGt3VkZKMFkxSndSbTR6TkRBNVVuZDJPRFJYTTJKdFRsQXlWVE53VlU1SksxRjFTVmR3T0VwblNXeFhNakV5YTNKdWVITnZhVnBLYTJOM01sbzVXVTV0VW1vd1VGaEphRWxGVTNSTVkybE9SbFF2VG05T1ptdDVUSFpoUmk5dE0yNUVOMHBFTlM4dlZUSkpVbTltWTBKYVYwUk1ibFV4TTI4d1p5OW5Wakl4UmtKMWJsTnVPV0ZtV21GcmJFRXJRbGRJUmtaR2JqSkRXRkZxTlVvd2NFZ3JkM3BoTDJSd1VGTk1UMWRZVTJ4UlZFSnhWRWRyWlZOb0wxWmpWVXRVZVdNMGJFNWlUekJKVkZSU2FEVXlOMmhrYjBVMmIyVldiR0pqZFdWWE5qZFhRbWRNTTI1aGRETkdMM0p1UVcxMVpqbE5ZME5rVG1SSFdIbHdhbWN6YjI1YVlrcFFNRTh6YUd0dFZqUXhTM016Y1V4aWRtNWhjemcwTTJ4Q1V6UlFibmRzYzJWVmMyeG1hVk5XWlhONFRuaFZNazA0VDNOcVZWTnVjRzAwZEVkbVpXSnZLMHhwT1dKYWNrZG9UblF2V0RsMlJrdHpVMWRWVDJrMVEyMW1kRTgzVEhCTVluaE9RbmhRTTFSR2JXcEpZM1puUmtkdFZWcDNiVU5qYTI1aU1UWnhORmhCUkVWVE5VZE5ibEpQY0dwSE0wWTBaV1pzTUhWd1IxUkhVM1p3VDJWVlNuVklSM0JFY2pjMWNpdEhaVzlpY2tWVVZXcEpPVTgwUmpKQkx6bHpTRlZKYmpaVlJIYzJRVWczVjBaT05tNUVjWFJUSzFKc2VUTlBVbFV5VEd3ekwzWmhRWGQzV25SU2NEWkxSMU5FUTFaRlYzWjJORUp3YkdKM01IRkNjMmhWY3pVMk56azJiek1yYzI5UE5qaHlXa1JFYTBSVVVEbFJjMEpCTTFoQ2FsbEpTRW92U25Rdk1HZHNkRXhhT1RoNWRHeFBPSGhwTldKUFZGRmhOM3BDTmxkWlJVUlVURUpXWmpCdGNETXlXVzlQYlN0VGIyazRaR2hMWTFCdFpHRkxTbEUxVkVad2IyeHlZbkJxTDNaVFptd3JURGRUVG5kSWNVWmpLekZJWjB4T1FUMDlJaXdpWkdGMFlXdGxlU0k2SWtGUlJVSkJTR2gzYlRCWllVbFRTbVZTZEVwdE5XNHhSeloxY1dWbGExaDFiMWhZVUdVMVZVWmpaVGxTY1Rndk1UUjNRVUZCU0RSM1prRlpTa3R2V2tsb2RtTk9RVkZqUjI5SE9IZGlVVWxDUVVSQ2IwSm5hM0ZvYTJsSE9YY3dRa0ozUlhkSVoxbEtXVWxhU1VGWFZVUkNRVVYxVFVKRlJVUklaR1pTVEhCRVVVWllUMFF2TTB3eVVVbENSVWxCTjBrdk9HVmhkMWR2YkRGMmEyNVpUMjVUV25WaFlVaEdja2gzZEhrNU5UTTRWbWRRYzNWVWJHTmhiamRDTW5BeE5EWkdZV2t3TlcxUlFVVkpPSGRCZFU1elRXRXdaSEppUlhNelUwUjRObk05SWl3aWRtVnljMmx2YmlJNklqSWlMQ0owZVhCbElqb2lSRUZVUVY5TFJWa2lMQ0psZUhCcGNtRjBhVzl1SWpveE56QTBOVFV3TVRnMGZRPT0=",
            "expires_at": "2024-01-06T14:09:44Z",
            "id": "us-east-1",
            "password": "eyJwYXlsb2FkIjoiUXFtNWZ2NW0rblFHTU5kK3dXMFZVc090NzIzU0E3ZGYvS3FvNFd3dlgralQvNVp1UkFLREpFOXo3SHNiRUY2ZDU3cjE1cVoxQkwzSmxYSEg3d0pvcVZHbVNZcXN0WFpmaW95TFl5THBjWjRCbktzWHJkOXdjM3VJbnp3RkhDUThKVDVLZHpVeDhYYjBQRjR2M1laUlRmbEV5TytVd2x6dFFPNVVHYzJoNlM1MGUwRzB6bG8xTWpxRmJHeTBXUngzTkNLMmZENmZtdWFITmVJZDlQOW5Wei95NGlNY3cxYVFYVzNSTjY0TG5KTXRRbDFVd0x3M0FpWEdDdnl5N2dhMVg1aHg5MERpeE1xUDhYek5yYTlpWDBZODVnaGM2bGEvcVdtZGZGQktDd3NxV2VFYTMxREdDVWZZbktSY2tQRjIzY3p2TCt0VW1WQm1EVlNBeHd3WHdLUmZKVkZCRlBKU0JHYjJiZnlwY25kQk1RNGxUOGlkWWtPOS9FNllObGRLK1RCNUJqMnV5SmRjOHkwVFJ0Y1JwRm4zNDA5Und2ODRXM2JtTlAyVTNwVU5JK1F1SVdwOEpnSWxXMjEya3JueHNvaVpKa2N3Mlo5WU5tUmowUFhJaElFU3RMY2lORlQvTm9OZmt5THZhRi9tM25EN0pENS8vVTJJUm9mY0JaV0RMblUxM28wZy9nVjIxRkJ1blNuOWFmWmFrbEErQldIRkZGbjJDWFFqNUowcEgrd3phL2RwUFNMT1dYU2xRVEJxVEdrZVNoL1ZjVUtUeWM0bE5iTzBJVFRSaDUyN2hkb0U2b2VWbGJjdWVXNjdXQmdMM25hdDNGL3JuQW11ZjlNY0NkTmRHWHlwamczb25aYkpQME8zaGttVjQxS3MzcUxidm5hczg0M2xCUzRQbndsc2VVc2xmaVNWZXN4TnhVMk04T3NqVVNucG00dEdmZWJvK0xpOWJackdoTnQvWDl2RktzU1dVT2k1Q21mdE83THBMYnhOQnhQM1RGbWpJY3ZnRkdtVVp3bUNja25iMTZxNFhBREVTNUdNblJPcGpHM0Y0ZWZsMHVwR1RHU3ZwT2VVSnVIR3BEcjc1citHZW9ickVUVWpJOU80RjJBLzlzSFVJbjZVRHc2QUg3V0ZONm5EcXRTK1JseTNPUlUyTGwzL3ZhQXd3WnRScDZLR1NEQ1ZFV3Z2NEJwbGJ3MHFCc2hVczU2Nzk2bzMrc29PNjhyWkREa0RUUDlRc0JBM1hCallJSEovSnQvMGdsdExaOTh5dGxPOHhpNWJPVFFhN3pCNldZRURUTEJWZjBtcDMyWW9PbStTb2k4ZGhLY1BtZGFLSlE1VEZwb2xyYnBqL3ZTZmwrTDdTTndIcUZjKzFIZ0xOQT09IiwiZGF0YWtleSI6IkFRRUJBSGh3bTBZYUlTSmVSdEptNW4xRzZ1cWVla1h1b1hYUGU1VUZjZTlScTgvMTR3QUFBSDR3ZkFZSktvWklodmNOQVFjR29HOHdiUUlCQURCb0Jna3Foa2lHOXcwQkJ3RXdIZ1lKWUlaSUFXVURCQUV1TUJFRURIZGZSTHBEUUZYT0QvM0wyUUlCRUlBN0kvOGVhd1dvbDF2a25ZT25TWnVhYUhGckh3dHk5NTM4VmdQc3VUbGNhbjdCMnAxNDZGYWkwNW1RQUVJOHdBdU5zTWEwZHJiRXMzU0R4NnM9IiwidmVyc2lvbiI6IjIiLCJ0eXBlIjoiREFUQV9LRVkiLCJleHBpcmF0aW9uIjoxNzA0NTUwMTg0fQ==",
            "proxy_endpoint": "https://127293717875.dkr.ecr.us-east-1.amazonaws.com",
            "registry_id": null,
            "user_name": "AWS"
          },
          "sensitive_attributes": []
        }
      ]
    },
    {
      "mode": "data",
      "type": "aws_iam_policy",
      "name": "s3_read_only",
      "provider": "provider[\"registry.terraform.io/hashicorp/aws\"]",
      "instances": [
        {
          "schema_version": 0,
          "attributes": {
            "arn": "arn:aws:iam::aws:policy/AmazonS3ReadOnlyAccess",
            "description": "Provides read only access to all buckets via the AWS Management Console.",
            "id": "arn:aws:iam::aws:policy/AmazonS3ReadOnlyAccess",
            "name": "AmazonS3ReadOnlyAccess",
            "path": "/",
            "path_prefix": null,
            "policy": "{\n\t\"Version\": \"2012-10-17\",\n\t\"Statement\": [\n\t\t{\n\t\t\t\"Effect\": \"Allow\",\n\t\t\t\"Action\": [\n\t\t\t\t\"s3:Get*\",\n\t\t\t\t\"s3:List*\",\n\t\t\t\t\"s3:Describe*\",\n\t\t\t\t\"s3-object-lambda:Get*\",\n\t\t\t\t\"s3-object-lambda:List*\"\n\t\t\t],\n\t\t\t\"Resource\": \"*\"\n\t\t}\n\t]\n}",
            "policy_id": "ANPAIZTJ4DXE7G6AGAE6M",
            "tags": {}
          },
          "sensitive_attributes": []
        }
      ]
    },
    {
      "mode": "data",
      "type": "aws_iam_policy_document",
      "name": "this",
      "provider": "provider[\"registry.terraform.io/hashicorp/aws\"]",
      "instances": [
        {
          "schema_version": 0,
          "attributes": {
            "id": "1077804475",
            "json": "{\n  \"Version\": \"2012-10-17\",\n  \"Statement\": [\n    {\n      \"Effect\": \"Allow\",\n      \"Action\": \"sts:AssumeRole\",\n      \"Principal\": {\n        \"Service\": \"ecs-tasks.amazonaws.com\"\n      }\n    }\n  ]\n}",
            "override_policy_documents": null,
            "policy_id": null,
            "source_policy_documents": null,
            "statement": [
              {
                "actions": [
                  "sts:AssumeRole"
                ],
                "condition": [],
                "effect": "Allow",
                "not_actions": [],
                "not_principals": [],
                "not_resources": [],
                "principals": [
                  {
                    "identifiers": [
                      "ecs-tasks.amazonaws.com"
                    ],
                    "type": "Service"
                  }
                ],
                "resources": [],
                "sid": ""
              }
            ],
            "version": "2012-10-17"
          },
          "sensitive_attributes": []
        }
      ]
    },
    {
      "mode": "data",
      "type": "aws_region",
      "name": "this",
      "provider": "provider[\"registry.terraform.io/hashicorp/aws\"]",
      "instances": [
        {
          "schema_version": 0,
          "attributes": {
            "description": "US East (N. Virginia)",
            "endpoint": "ec2.us-east-1.amazonaws.com",
            "id": "us-east-1",
            "name": "us-east-1"
          },
          "sensitive_attributes": []
        }
      ]
    },
    {
      "mode": "managed",
      "type": "aws_ecs_cluster",
      "name": "this",
      "provider": "provider[\"registry.terraform.io/hashicorp/aws\"]",
      "instances": [
        {
          "schema_version": 0,
          "attributes": {
            "arn": "arn:aws:ecs:us-east-1:127293717875:cluster/shiny-example-cluster",
            "configuration": [],
            "id": "arn:aws:ecs:us-east-1:127293717875:cluster/shiny-example-cluster",
            "name": "shiny-example-cluster",
            "service_connect_defaults": [],
            "setting": [
              {
                "name": "containerInsights",
                "value": "disabled"
              }
            ],
            "tags": {},
            "tags_all": {
              "example": "shiny-example"
            }
          },
          "sensitive_attributes": [],
          "private": "bnVsbA=="
        }
      ]
    },
    {
      "mode": "managed",
      "type": "aws_ecs_cluster_capacity_providers",
      "name": "this",
      "provider": "provider[\"registry.terraform.io/hashicorp/aws\"]",
      "instances": [
        {
          "schema_version": 0,
          "attributes": {
            "capacity_providers": [
              "FARGATE"
            ],
            "cluster_name": "shiny-example-cluster",
            "default_capacity_provider_strategy": [],
            "id": "shiny-example-cluster"
          },
          "sensitive_attributes": [],
          "private": "bnVsbA==",
          "dependencies": [
            "aws_ecs_cluster.this"
          ]
        }
      ]
    },
    {
      "mode": "managed",
      "type": "aws_ecs_service",
      "name": "this",
      "provider": "provider[\"registry.terraform.io/hashicorp/aws\"]",
      "instances": [
        {
          "schema_version": 0,
          "attributes": {
            "alarms": [],
            "capacity_provider_strategy": [],
            "cluster": "arn:aws:ecs:us-east-1:127293717875:cluster/shiny-example-cluster",
            "deployment_circuit_breaker": [
              {
                "enable": false,
                "rollback": false
              }
            ],
            "deployment_controller": [
              {
                "type": "ECS"
              }
            ],
            "deployment_maximum_percent": 200,
            "deployment_minimum_healthy_percent": 100,
            "desired_count": 1,
            "enable_ecs_managed_tags": false,
            "enable_execute_command": false,
            "force_new_deployment": null,
            "health_check_grace_period_seconds": 0,
            "iam_role": "/aws-service-role/ecs.amazonaws.com/AWSServiceRoleForECS",
            "id": "arn:aws:ecs:us-east-1:127293717875:service/shiny-example-cluster/shiny-example-service",
            "launch_type": "FARGATE",
            "load_balancer": [
              {
                "container_name": "shiny",
                "container_port": 3838,
                "elb_name": "",
                "target_group_arn": "arn:aws:elasticloadbalancing:us-east-1:127293717875:targetgroup/tf-20240104210953110700000001/04e2c10763e75f46"
              }
            ],
            "name": "shiny-example-service",
            "network_configuration": [
              {
                "assign_public_ip": false,
                "security_groups": [
                  "sg-00297836ea759d5bf",
                  "sg-0b5dc8d8adf77c943"
                ],
                "subnets": [
                  "subnet-02a23182f3746469a",
                  "subnet-037a1399dcc4a3d54"
                ]
              }
            ],
            "ordered_placement_strategy": [],
            "placement_constraints": [],
            "platform_version": "LATEST",
            "propagate_tags": "NONE",
            "scheduling_strategy": "REPLICA",
            "service_connect_configuration": [],
            "service_registries": [],
            "tags": {},
            "tags_all": {
              "example": "shiny-example"
            },
            "task_definition": "arn:aws:ecs:us-east-1:127293717875:task-definition/family-of-shiny-example-tasks:3",
            "timeouts": null,
            "triggers": {},
            "wait_for_steady_state": false
          },
          "sensitive_attributes": [],
          "private": "eyJlMmJmYjczMC1lY2FhLTExZTYtOGY4OC0zNDM2M2JjN2M0YzAiOnsiY3JlYXRlIjoxMjAwMDAwMDAwMDAwLCJkZWxldGUiOjEyMDAwMDAwMDAwMDAsInVwZGF0ZSI6MTIwMDAwMDAwMDAwMH19",
          "dependencies": [
            "aws_ecs_cluster.this",
            "aws_ecs_task_definition.this",
            "aws_iam_role.this",
            "aws_internet_gateway.this",
            "aws_lb.this",
            "aws_lb_target_group.this",
            "aws_security_group.egress_all",
            "aws_security_group.http",
            "aws_security_group.https",
            "aws_security_group.ingress_api",
            "aws_subnet.private",
            "aws_subnet.public",
            "aws_vpc.this",
            "data.aws_availability_zones.available",
            "data.aws_iam_policy_document.this"
          ]
        }
      ]
    },
    {
      "mode": "managed",
      "type": "aws_ecs_task_definition",
      "name": "this",
      "provider": "provider[\"registry.terraform.io/hashicorp/aws\"]",
      "instances": [
        {
          "schema_version": 1,
          "attributes": {
            "arn": "arn:aws:ecs:us-east-1:127293717875:task-definition/family-of-shiny-example-tasks:3",
            "arn_without_revision": "arn:aws:ecs:us-east-1:127293717875:task-definition/family-of-shiny-example-tasks",
            "container_definitions": "[{\"cpu\":0,\"environment\":[{\"name\":\"MY_INPUT_ENV_VAR\",\"value\":\"terraform-modified-env-var\"}],\"essential\":true,\"image\":\"127293717875.dkr.ecr.us-east-1.amazonaws.com/shiny:latest\",\"logConfiguration\":{\"logDriver\":\"awslogs\",\"options\":{\"awslogs-group\":\"plotly\",\"awslogs-region\":\"us-east-1\",\"awslogs-stream-prefix\":\"ecs\"}},\"mountPoints\":[],\"name\":\"shiny\",\"portMappings\":[{\"containerPort\":3838,\"hostPort\":3838,\"protocol\":\"tcp\"}],\"volumesFrom\":[]}]",
            "cpu": "256",
            "ephemeral_storage": [],
            "execution_role_arn": "arn:aws:iam::127293717875:role/terraform-20240104205510336000000001",
            "family": "family-of-shiny-example-tasks",
            "id": "family-of-shiny-example-tasks",
            "inference_accelerator": [],
            "ipc_mode": "",
            "memory": "512",
            "network_mode": "awsvpc",
            "pid_mode": "",
            "placement_constraints": [],
            "proxy_configuration": [],
            "requires_compatibilities": [
              "FARGATE"
            ],
            "revision": 3,
            "runtime_platform": [
              {
                "cpu_architecture": "X86_64",
                "operating_system_family": "LINUX"
              }
            ],
            "skip_destroy": false,
            "tags": {},
            "tags_all": {
              "example": "shiny-example"
            },
            "task_role_arn": "",
            "volume": []
          },
          "sensitive_attributes": [],
          "private": "eyJzY2hlbWFfdmVyc2lvbiI6IjEifQ==",
          "dependencies": [
            "aws_iam_role.this",
            "data.aws_iam_policy_document.this"
          ]
        }
      ]
    },
    {
      "mode": "managed",
      "type": "aws_eip",
      "name": "this",
      "provider": "provider[\"registry.terraform.io/hashicorp/aws\"]",
      "instances": [
        {
          "schema_version": 0,
          "attributes": {
            "address": null,
            "allocation_id": "eipalloc-09f839f32b7b6d7db",
            "associate_with_private_ip": null,
            "association_id": "eipassoc-07be0fe48651a9415",
            "carrier_ip": "",
            "customer_owned_ip": "",
            "customer_owned_ipv4_pool": "",
            "domain": "vpc",
            "id": "eipalloc-09f839f32b7b6d7db",
            "instance": "",
            "network_border_group": "us-east-1",
            "network_interface": "eni-005c236b4f9b662bd",
            "private_dns": "ip-10-0-0-131.ec2.internal",
            "private_ip": "10.0.0.131",
            "public_dns": "ec2-54-172-87-105.compute-1.amazonaws.com",
            "public_ip": "54.172.87.105",
            "public_ipv4_pool": "amazon",
            "tags": {},
            "tags_all": {
              "example": "shiny-example"
            },
            "timeouts": null,
            "vpc": true
          },
          "sensitive_attributes": [],
          "private": "eyJlMmJmYjczMC1lY2FhLTExZTYtOGY4OC0zNDM2M2JjN2M0YzAiOnsiZGVsZXRlIjoxODAwMDAwMDAwMDAsInJlYWQiOjkwMDAwMDAwMDAwMCwidXBkYXRlIjozMDAwMDAwMDAwMDB9fQ=="
        }
      ]
    },
    {
      "mode": "managed",
      "type": "aws_iam_role",
      "name": "this",
      "provider": "provider[\"registry.terraform.io/hashicorp/aws\"]",
      "instances": [
        {
          "schema_version": 0,
          "attributes": {
            "arn": "arn:aws:iam::127293717875:role/terraform-20240104205510336000000001",
            "assume_role_policy": "{\"Statement\":[{\"Action\":\"sts:AssumeRole\",\"Effect\":\"Allow\",\"Principal\":{\"Service\":\"ecs-tasks.amazonaws.com\"}}],\"Version\":\"2012-10-17\"}",
            "create_date": "2024-01-04T20:55:10Z",
            "description": "",
            "force_detach_policies": false,
            "id": "terraform-20240104205510336000000001",
            "inline_policy": [],
            "managed_policy_arns": [
              "arn:aws:iam::aws:policy/service-role/AmazonECSTaskExecutionRolePolicy"
            ],
            "max_session_duration": 3600,
            "name": "terraform-20240104205510336000000001",
            "name_prefix": "terraform-",
            "path": "/",
            "permissions_boundary": "",
            "tags": {},
            "tags_all": {
              "example": "shiny-example"
            },
            "unique_id": "AROAR3I2L7VZSTKKWZYVR"
          },
          "sensitive_attributes": [],
          "private": "bnVsbA==",
          "dependencies": [
            "data.aws_iam_policy_document.this"
          ]
        }
      ]
    },
    {
      "mode": "managed",
      "type": "aws_iam_role_policy_attachment",
      "name": "default",
      "provider": "provider[\"registry.terraform.io/hashicorp/aws\"]",
      "instances": [
        {
          "schema_version": 0,
          "attributes": {
            "id": "terraform-20240104205510336000000001-20240104205511109100000002",
            "policy_arn": "arn:aws:iam::aws:policy/service-role/AmazonECSTaskExecutionRolePolicy",
            "role": "terraform-20240104205510336000000001"
          },
          "sensitive_attributes": [],
          "private": "bnVsbA==",
          "dependencies": [
            "aws_iam_role.this",
            "data.aws_iam_policy_document.this"
          ]
        }
      ]
    },
    {
      "mode": "managed",
      "type": "aws_iam_role_policy_attachment",
      "name": "s3_read_only_attach",
      "provider": "provider[\"registry.terraform.io/hashicorp/aws\"]",
      "instances": [
        {
          "schema_version": 0,
          "attributes": {
            "id": "terraform-20240104205510336000000001-20240106020955295600000001",
            "policy_arn": "arn:aws:iam::aws:policy/AmazonS3ReadOnlyAccess",
            "role": "terraform-20240104205510336000000001"
          },
          "sensitive_attributes": [],
          "private": "bnVsbA==",
          "dependencies": [
            "aws_iam_role.this",
            "data.aws_iam_policy.s3_read_only"
          ]
        }
      ]
    },
    {
      "mode": "managed",
      "type": "aws_internet_gateway",
      "name": "this",
      "provider": "provider[\"registry.terraform.io/hashicorp/aws\"]",
      "instances": [
        {
          "schema_version": 0,
          "attributes": {
            "arn": "arn:aws:ec2:us-east-1:127293717875:internet-gateway/igw-08f009e5f559b2659",
            "id": "igw-08f009e5f559b2659",
            "owner_id": "127293717875",
            "tags": {},
            "tags_all": {
              "example": "shiny-example"
            },
            "timeouts": null,
            "vpc_id": "vpc-0c2eb985f93bb44f7"
          },
          "sensitive_attributes": [],
          "private": "eyJlMmJmYjczMC1lY2FhLTExZTYtOGY4OC0zNDM2M2JjN2M0YzAiOnsiY3JlYXRlIjoxMjAwMDAwMDAwMDAwLCJkZWxldGUiOjEyMDAwMDAwMDAwMDAsInVwZGF0ZSI6MTIwMDAwMDAwMDAwMH19",
          "dependencies": [
            "aws_vpc.this"
          ]
        }
      ]
    },
    {
      "mode": "managed",
      "type": "aws_lb",
      "name": "this",
      "provider": "provider[\"registry.terraform.io/hashicorp/aws\"]",
      "instances": [
        {
          "schema_version": 0,
          "attributes": {
            "access_logs": [
              {
                "bucket": "",
                "enabled": false,
                "prefix": ""
              }
            ],
            "arn": "arn:aws:elasticloadbalancing:us-east-1:127293717875:loadbalancer/app/tf-lb-20240104205513722900000004/d9fbb749be1ee9dd",
            "arn_suffix": "app/tf-lb-20240104205513722900000004/d9fbb749be1ee9dd",
            "connection_logs": [
              {
                "bucket": "",
                "enabled": false,
                "prefix": ""
              }
            ],
            "customer_owned_ipv4_pool": "",
            "desync_mitigation_mode": "defensive",
            "dns_name": "tf-lb-20240104205513722900000004-2118605398.us-east-1.elb.amazonaws.com",
            "dns_record_client_routing_policy": null,
            "drop_invalid_header_fields": false,
            "enable_cross_zone_load_balancing": true,
            "enable_deletion_protection": false,
            "enable_http2": true,
            "enable_tls_version_and_cipher_suite_headers": false,
            "enable_waf_fail_open": false,
            "enable_xff_client_port": false,
            "enforce_security_group_inbound_rules_on_private_link_traffic": "",
            "id": "arn:aws:elasticloadbalancing:us-east-1:127293717875:loadbalancer/app/tf-lb-20240104205513722900000004/d9fbb749be1ee9dd",
            "idle_timeout": 60,
            "internal": false,
            "ip_address_type": "ipv4",
            "load_balancer_type": "application",
            "name": "tf-lb-20240104205513722900000004",
            "name_prefix": "tf-lb-",
            "preserve_host_header": false,
            "security_groups": [
              "sg-00297836ea759d5bf",
              "sg-04788c7a66e7da7ce",
              "sg-06e5fd315bf5031c1"
            ],
            "subnet_mapping": [
              {
                "allocation_id": "",
                "ipv6_address": "",
                "outpost_id": "",
                "private_ipv4_address": "",
                "subnet_id": "subnet-0109da3d55cf2fddf"
              },
              {
                "allocation_id": "",
                "ipv6_address": "",
                "outpost_id": "",
                "private_ipv4_address": "",
                "subnet_id": "subnet-05ac8d1d9001e8b61"
              }
            ],
            "subnets": [
              "subnet-0109da3d55cf2fddf",
              "subnet-05ac8d1d9001e8b61"
            ],
            "tags": {},
            "tags_all": {
              "example": "shiny-example"
            },
            "timeouts": null,
            "vpc_id": "vpc-0c2eb985f93bb44f7",
            "xff_header_processing_mode": "append",
            "zone_id": "Z35SXDOTRQ7X7K"
          },
          "sensitive_attributes": [],
          "private": "eyJlMmJmYjczMC1lY2FhLTExZTYtOGY4OC0zNDM2M2JjN2M0YzAiOnsiY3JlYXRlIjo2MDAwMDAwMDAwMDAsImRlbGV0ZSI6NjAwMDAwMDAwMDAwLCJ1cGRhdGUiOjYwMDAwMDAwMDAwMH19",
          "dependencies": [
            "aws_internet_gateway.this",
            "aws_security_group.egress_all",
            "aws_security_group.http",
            "aws_security_group.https",
            "aws_subnet.public",
            "aws_vpc.this",
            "data.aws_availability_zones.available"
          ]
        }
      ]
    },
    {
      "mode": "managed",
      "type": "aws_lb_listener",
      "name": "this",
      "provider": "provider[\"registry.terraform.io/hashicorp/aws\"]",
      "instances": [
        {
          "schema_version": 0,
          "attributes": {
            "alpn_policy": null,
            "arn": "arn:aws:elasticloadbalancing:us-east-1:127293717875:listener/app/tf-lb-20240104205513722900000004/d9fbb749be1ee9dd/f2fbf2ab42255d04",
            "certificate_arn": null,
            "default_action": [
              {
                "authenticate_cognito": [],
                "authenticate_oidc": [],
                "fixed_response": [],
                "forward": [],
                "order": 1,
                "redirect": [],
                "target_group_arn": "arn:aws:elasticloadbalancing:us-east-1:127293717875:targetgroup/tf-20240104210953110700000001/04e2c10763e75f46",
                "type": "forward"
              }
            ],
            "id": "arn:aws:elasticloadbalancing:us-east-1:127293717875:listener/app/tf-lb-20240104205513722900000004/d9fbb749be1ee9dd/f2fbf2ab42255d04",
            "load_balancer_arn": "arn:aws:elasticloadbalancing:us-east-1:127293717875:loadbalancer/app/tf-lb-20240104205513722900000004/d9fbb749be1ee9dd",
            "mutual_authentication": [],
            "port": 80,
            "protocol": "HTTP",
            "ssl_policy": "",
            "tags": {},
            "tags_all": {
              "example": "shiny-example"
            },
            "timeouts": null
          },
          "sensitive_attributes": [],
          "private": "eyJlMmJmYjczMC1lY2FhLTExZTYtOGY4OC0zNDM2M2JjN2M0YzAiOnsiY3JlYXRlIjozMDAwMDAwMDAwMDAsInVwZGF0ZSI6MzAwMDAwMDAwMDAwfX0=",
          "dependencies": [
            "aws_internet_gateway.this",
            "aws_lb.this",
            "aws_lb_target_group.this",
            "aws_security_group.egress_all",
            "aws_security_group.http",
            "aws_security_group.https",
            "aws_subnet.public",
            "aws_vpc.this",
            "data.aws_availability_zones.available"
          ]
        }
      ]
    },
    {
      "mode": "managed",
      "type": "aws_lb_target_group",
      "name": "this",
      "provider": "provider[\"registry.terraform.io/hashicorp/aws\"]",
      "instances": [
        {
          "schema_version": 0,
          "attributes": {
            "arn": "arn:aws:elasticloadbalancing:us-east-1:127293717875:targetgroup/tf-20240104210953110700000001/04e2c10763e75f46",
            "arn_suffix": "targetgroup/tf-20240104210953110700000001/04e2c10763e75f46",
            "connection_termination": null,
            "deregistration_delay": "300",
            "health_check": [
              {
                "enabled": true,
                "healthy_threshold": 3,
                "interval": 300,
                "matcher": "200-299",
                "path": "/",
                "port": "traffic-port",
                "protocol": "HTTP",
                "timeout": 100,
                "unhealthy_threshold": 2
              }
            ],
            "id": "arn:aws:elasticloadbalancing:us-east-1:127293717875:targetgroup/tf-20240104210953110700000001/04e2c10763e75f46",
            "ip_address_type": "ipv4",
            "lambda_multi_value_headers_enabled": false,
            "load_balancing_algorithm_type": "round_robin",
            "load_balancing_cross_zone_enabled": "use_load_balancer_configuration",
            "name": "tf-20240104210953110700000001",
            "name_prefix": "tf-",
            "port": 3838,
            "preserve_client_ip": null,
            "protocol": "HTTP",
            "protocol_version": "HTTP1",
            "proxy_protocol_v2": false,
            "slow_start": 0,
            "stickiness": [
              {
                "cookie_duration": 86400,
                "cookie_name": "",
                "enabled": false,
                "type": "lb_cookie"
              }
            ],
            "tags": {},
            "tags_all": {
              "example": "shiny-example"
            },
            "target_failover": [
              {
                "on_deregistration": null,
                "on_unhealthy": null
              }
            ],
            "target_health_state": [
              {
                "enable_unhealthy_connection_termination": null
              }
            ],
            "target_type": "ip",
            "vpc_id": "vpc-0c2eb985f93bb44f7"
          },
          "sensitive_attributes": [],
          "private": "bnVsbA==",
          "dependencies": [
            "aws_internet_gateway.this",
            "aws_lb.this",
            "aws_security_group.egress_all",
            "aws_security_group.http",
            "aws_security_group.https",
            "aws_subnet.public",
            "aws_vpc.this",
            "data.aws_availability_zones.available"
          ]
        }
      ]
    },
    {
      "mode": "managed",
      "type": "aws_nat_gateway",
      "name": "this",
      "provider": "provider[\"registry.terraform.io/hashicorp/aws\"]",
      "instances": [
        {
          "schema_version": 0,
          "attributes": {
            "allocation_id": "eipalloc-09f839f32b7b6d7db",
            "association_id": "eipassoc-07be0fe48651a9415",
            "connectivity_type": "public",
            "id": "nat-0e986c0efc67bd084",
            "network_interface_id": "eni-005c236b4f9b662bd",
            "private_ip": "10.0.0.131",
            "public_ip": "54.172.87.105",
            "secondary_allocation_ids": [],
            "secondary_private_ip_address_count": 0,
            "secondary_private_ip_addresses": [],
            "subnet_id": "subnet-0109da3d55cf2fddf",
            "tags": {},
            "tags_all": {
              "example": "shiny-example"
            },
            "timeouts": null
          },
          "sensitive_attributes": [],
          "private": "eyJlMmJmYjczMC1lY2FhLTExZTYtOGY4OC0zNDM2M2JjN2M0YzAiOnsiY3JlYXRlIjo2MDAwMDAwMDAwMDAsImRlbGV0ZSI6MTgwMDAwMDAwMDAwMCwidXBkYXRlIjo2MDAwMDAwMDAwMDB9fQ==",
          "dependencies": [
            "aws_eip.this",
            "aws_internet_gateway.this",
            "aws_subnet.public",
            "aws_vpc.this",
            "data.aws_availability_zones.available"
          ]
        }
      ]
    },
    {
      "mode": "managed",
      "type": "aws_route",
      "name": "private",
      "provider": "provider[\"registry.terraform.io/hashicorp/aws\"]",
      "instances": [
        {
          "schema_version": 0,
          "attributes": {
            "carrier_gateway_id": "",
            "core_network_arn": "",
            "destination_cidr_block": "0.0.0.0/0",
            "destination_ipv6_cidr_block": "",
            "destination_prefix_list_id": "",
            "egress_only_gateway_id": "",
            "gateway_id": "",
            "id": "r-rtb-088f9b434d19c0c621080289494",
            "instance_id": "",
            "instance_owner_id": "",
            "local_gateway_id": "",
            "nat_gateway_id": "nat-0e986c0efc67bd084",
            "network_interface_id": "",
            "origin": "CreateRoute",
            "route_table_id": "rtb-088f9b434d19c0c62",
            "state": "active",
            "timeouts": null,
            "transit_gateway_id": "",
            "vpc_endpoint_id": "",
            "vpc_peering_connection_id": ""
          },
          "sensitive_attributes": [],
          "private": "eyJlMmJmYjczMC1lY2FhLTExZTYtOGY4OC0zNDM2M2JjN2M0YzAiOnsiY3JlYXRlIjozMDAwMDAwMDAwMDAsImRlbGV0ZSI6MzAwMDAwMDAwMDAwLCJ1cGRhdGUiOjEyMDAwMDAwMDAwMH19",
          "dependencies": [
            "aws_eip.this",
            "aws_internet_gateway.this",
            "aws_nat_gateway.this",
            "aws_route_table.private",
            "aws_subnet.public",
            "aws_vpc.this",
            "data.aws_availability_zones.available"
          ]
        }
      ]
    },
    {
      "mode": "managed",
      "type": "aws_route",
      "name": "public",
      "provider": "provider[\"registry.terraform.io/hashicorp/aws\"]",
      "instances": [
        {
          "schema_version": 0,
          "attributes": {
            "carrier_gateway_id": "",
            "core_network_arn": "",
            "destination_cidr_block": "0.0.0.0/0",
            "destination_ipv6_cidr_block": "",
            "destination_prefix_list_id": "",
            "egress_only_gateway_id": "",
            "gateway_id": "igw-08f009e5f559b2659",
            "id": "r-rtb-0244417ca2a50e4121080289494",
            "instance_id": "",
            "instance_owner_id": "",
            "local_gateway_id": "",
            "nat_gateway_id": "",
            "network_interface_id": "",
            "origin": "CreateRoute",
            "route_table_id": "rtb-0244417ca2a50e412",
            "state": "active",
            "timeouts": null,
            "transit_gateway_id": "",
            "vpc_endpoint_id": "",
            "vpc_peering_connection_id": ""
          },
          "sensitive_attributes": [],
          "private": "eyJlMmJmYjczMC1lY2FhLTExZTYtOGY4OC0zNDM2M2JjN2M0YzAiOnsiY3JlYXRlIjozMDAwMDAwMDAwMDAsImRlbGV0ZSI6MzAwMDAwMDAwMDAwLCJ1cGRhdGUiOjEyMDAwMDAwMDAwMH19",
          "dependencies": [
            "aws_internet_gateway.this",
            "aws_route_table.public",
            "aws_vpc.this"
          ]
        }
      ]
    },
    {
      "mode": "managed",
      "type": "aws_route_table",
      "name": "private",
      "provider": "provider[\"registry.terraform.io/hashicorp/aws\"]",
      "instances": [
        {
          "schema_version": 0,
          "attributes": {
            "arn": "arn:aws:ec2:us-east-1:127293717875:route-table/rtb-088f9b434d19c0c62",
            "id": "rtb-088f9b434d19c0c62",
            "owner_id": "127293717875",
            "propagating_vgws": [],
            "route": [
              {
                "carrier_gateway_id": "",
                "cidr_block": "0.0.0.0/0",
                "core_network_arn": "",
                "destination_prefix_list_id": "",
                "egress_only_gateway_id": "",
                "gateway_id": "",
                "ipv6_cidr_block": "",
                "local_gateway_id": "",
                "nat_gateway_id": "nat-0e986c0efc67bd084",
                "network_interface_id": "",
                "transit_gateway_id": "",
                "vpc_endpoint_id": "",
                "vpc_peering_connection_id": ""
              }
            ],
            "tags": {},
            "tags_all": {
              "example": "shiny-example"
            },
            "timeouts": null,
            "vpc_id": "vpc-0c2eb985f93bb44f7"
          },
          "sensitive_attributes": [],
          "private": "eyJlMmJmYjczMC1lY2FhLTExZTYtOGY4OC0zNDM2M2JjN2M0YzAiOnsiY3JlYXRlIjozMDAwMDAwMDAwMDAsImRlbGV0ZSI6MzAwMDAwMDAwMDAwLCJ1cGRhdGUiOjEyMDAwMDAwMDAwMH19",
          "dependencies": [
            "aws_vpc.this"
          ]
        }
      ]
    },
    {
      "mode": "managed",
      "type": "aws_route_table",
      "name": "public",
      "provider": "provider[\"registry.terraform.io/hashicorp/aws\"]",
      "instances": [
        {
          "schema_version": 0,
          "attributes": {
            "arn": "arn:aws:ec2:us-east-1:127293717875:route-table/rtb-0244417ca2a50e412",
            "id": "rtb-0244417ca2a50e412",
            "owner_id": "127293717875",
            "propagating_vgws": [],
            "route": [
              {
                "carrier_gateway_id": "",
                "cidr_block": "0.0.0.0/0",
                "core_network_arn": "",
                "destination_prefix_list_id": "",
                "egress_only_gateway_id": "",
                "gateway_id": "igw-08f009e5f559b2659",
                "ipv6_cidr_block": "",
                "local_gateway_id": "",
                "nat_gateway_id": "",
                "network_interface_id": "",
                "transit_gateway_id": "",
                "vpc_endpoint_id": "",
                "vpc_peering_connection_id": ""
              }
            ],
            "tags": {},
            "tags_all": {
              "example": "shiny-example"
            },
            "timeouts": null,
            "vpc_id": "vpc-0c2eb985f93bb44f7"
          },
          "sensitive_attributes": [],
          "private": "eyJlMmJmYjczMC1lY2FhLTExZTYtOGY4OC0zNDM2M2JjN2M0YzAiOnsiY3JlYXRlIjozMDAwMDAwMDAwMDAsImRlbGV0ZSI6MzAwMDAwMDAwMDAwLCJ1cGRhdGUiOjEyMDAwMDAwMDAwMH19",
          "dependencies": [
            "aws_vpc.this"
          ]
        }
      ]
    },
    {
      "mode": "managed",
      "type": "aws_route_table_association",
      "name": "private",
      "provider": "provider[\"registry.terraform.io/hashicorp/aws\"]",
      "instances": [
        {
          "index_key": "0",
          "schema_version": 0,
          "attributes": {
            "gateway_id": "",
            "id": "rtbassoc-00d624638c807332b",
            "route_table_id": "rtb-088f9b434d19c0c62",
            "subnet_id": "subnet-037a1399dcc4a3d54",
            "timeouts": null
          },
          "sensitive_attributes": [],
          "private": "eyJlMmJmYjczMC1lY2FhLTExZTYtOGY4OC0zNDM2M2JjN2M0YzAiOnsiY3JlYXRlIjozMDAwMDAwMDAwMDAsImRlbGV0ZSI6MzAwMDAwMDAwMDAwLCJ1cGRhdGUiOjEyMDAwMDAwMDAwMH19",
          "dependencies": [
            "aws_route_table.private",
            "aws_subnet.private",
            "aws_subnet.public",
            "aws_vpc.this",
            "data.aws_availability_zones.available"
          ]
        },
        {
          "index_key": "1",
          "schema_version": 0,
          "attributes": {
            "gateway_id": "",
            "id": "rtbassoc-043f786b4956cc5f0",
            "route_table_id": "rtb-088f9b434d19c0c62",
            "subnet_id": "subnet-02a23182f3746469a",
            "timeouts": null
          },
          "sensitive_attributes": [],
          "private": "eyJlMmJmYjczMC1lY2FhLTExZTYtOGY4OC0zNDM2M2JjN2M0YzAiOnsiY3JlYXRlIjozMDAwMDAwMDAwMDAsImRlbGV0ZSI6MzAwMDAwMDAwMDAwLCJ1cGRhdGUiOjEyMDAwMDAwMDAwMH19",
          "dependencies": [
            "aws_route_table.private",
            "aws_subnet.private",
            "aws_subnet.public",
            "aws_vpc.this",
            "data.aws_availability_zones.available"
          ]
        }
      ]
    },
    {
      "mode": "managed",
      "type": "aws_route_table_association",
      "name": "public",
      "provider": "provider[\"registry.terraform.io/hashicorp/aws\"]",
      "instances": [
        {
          "index_key": "0",
          "schema_version": 0,
          "attributes": {
            "gateway_id": "",
            "id": "rtbassoc-083237f24eb358610",
            "route_table_id": "rtb-0244417ca2a50e412",
            "subnet_id": "subnet-0109da3d55cf2fddf",
            "timeouts": null
          },
          "sensitive_attributes": [],
          "private": "eyJlMmJmYjczMC1lY2FhLTExZTYtOGY4OC0zNDM2M2JjN2M0YzAiOnsiY3JlYXRlIjozMDAwMDAwMDAwMDAsImRlbGV0ZSI6MzAwMDAwMDAwMDAwLCJ1cGRhdGUiOjEyMDAwMDAwMDAwMH19",
          "dependencies": [
            "aws_route_table.public",
            "aws_subnet.public",
            "aws_vpc.this",
            "data.aws_availability_zones.available"
          ]
        },
        {
          "index_key": "1",
          "schema_version": 0,
          "attributes": {
            "gateway_id": "",
            "id": "rtbassoc-03c1837cc6c1a1a60",
            "route_table_id": "rtb-0244417ca2a50e412",
            "subnet_id": "subnet-05ac8d1d9001e8b61",
            "timeouts": null
          },
          "sensitive_attributes": [],
          "private": "eyJlMmJmYjczMC1lY2FhLTExZTYtOGY4OC0zNDM2M2JjN2M0YzAiOnsiY3JlYXRlIjozMDAwMDAwMDAwMDAsImRlbGV0ZSI6MzAwMDAwMDAwMDAwLCJ1cGRhdGUiOjEyMDAwMDAwMDAwMH19",
          "dependencies": [
            "aws_route_table.public",
            "aws_subnet.public",
            "aws_vpc.this",
            "data.aws_availability_zones.available"
          ]
        }
      ]
    },
    {
      "mode": "managed",
      "type": "aws_security_group",
      "name": "egress_all",
      "provider": "provider[\"registry.terraform.io/hashicorp/aws\"]",
      "instances": [
        {
          "schema_version": 1,
          "attributes": {
            "arn": "arn:aws:ec2:us-east-1:127293717875:security-group/sg-00297836ea759d5bf",
            "description": "Permit all outgoing traffic",
            "egress": [
              {
                "cidr_blocks": [
                  "0.0.0.0/0"
                ],
                "description": "",
                "from_port": 0,
                "ipv6_cidr_blocks": [],
                "prefix_list_ids": [],
                "protocol": "-1",
                "security_groups": [],
                "self": false,
                "to_port": 0
              }
            ],
            "id": "sg-00297836ea759d5bf",
            "ingress": [],
            "name": "egress-all",
            "name_prefix": "",
            "owner_id": "127293717875",
            "revoke_rules_on_delete": false,
            "tags": {},
            "tags_all": {
              "example": "shiny-example"
            },
            "timeouts": null,
            "vpc_id": "vpc-0c2eb985f93bb44f7"
          },
          "sensitive_attributes": [],
          "private": "eyJlMmJmYjczMC1lY2FhLTExZTYtOGY4OC0zNDM2M2JjN2M0YzAiOnsiY3JlYXRlIjo2MDAwMDAwMDAwMDAsImRlbGV0ZSI6OTAwMDAwMDAwMDAwfSwic2NoZW1hX3ZlcnNpb24iOiIxIn0=",
          "dependencies": [
            "aws_vpc.this"
          ]
        }
      ]
    },
    {
      "mode": "managed",
      "type": "aws_security_group",
      "name": "http",
      "provider": "provider[\"registry.terraform.io/hashicorp/aws\"]",
      "instances": [
        {
          "schema_version": 1,
          "attributes": {
            "arn": "arn:aws:ec2:us-east-1:127293717875:security-group/sg-04788c7a66e7da7ce",
            "description": "Permit incoming HTTP traffic",
            "egress": [],
            "id": "sg-04788c7a66e7da7ce",
            "ingress": [
              {
                "cidr_blocks": [
                  "0.0.0.0/0"
                ],
                "description": "",
                "from_port": 80,
                "ipv6_cidr_blocks": [],
                "prefix_list_ids": [],
                "protocol": "tcp",
                "security_groups": [],
                "self": false,
                "to_port": 80
              }
            ],
            "name": "http",
            "name_prefix": "",
            "owner_id": "127293717875",
            "revoke_rules_on_delete": false,
            "tags": {},
            "tags_all": {
              "example": "shiny-example"
            },
            "timeouts": null,
            "vpc_id": "vpc-0c2eb985f93bb44f7"
          },
          "sensitive_attributes": [],
          "private": "eyJlMmJmYjczMC1lY2FhLTExZTYtOGY4OC0zNDM2M2JjN2M0YzAiOnsiY3JlYXRlIjo2MDAwMDAwMDAwMDAsImRlbGV0ZSI6OTAwMDAwMDAwMDAwfSwic2NoZW1hX3ZlcnNpb24iOiIxIn0=",
          "dependencies": [
            "aws_vpc.this"
          ]
        }
      ]
    },
    {
      "mode": "managed",
      "type": "aws_security_group",
      "name": "https",
      "provider": "provider[\"registry.terraform.io/hashicorp/aws\"]",
      "instances": [
        {
          "schema_version": 1,
          "attributes": {
            "arn": "arn:aws:ec2:us-east-1:127293717875:security-group/sg-06e5fd315bf5031c1",
            "description": "Permit incoming HTTPS traffic",
            "egress": [],
            "id": "sg-06e5fd315bf5031c1",
            "ingress": [
              {
                "cidr_blocks": [
                  "0.0.0.0/0"
                ],
                "description": "",
                "from_port": 443,
                "ipv6_cidr_blocks": [],
                "prefix_list_ids": [],
                "protocol": "tcp",
                "security_groups": [],
                "self": false,
                "to_port": 443
              }
            ],
            "name": "https",
            "name_prefix": "",
            "owner_id": "127293717875",
            "revoke_rules_on_delete": false,
            "tags": {},
            "tags_all": {
              "example": "shiny-example"
            },
            "timeouts": null,
            "vpc_id": "vpc-0c2eb985f93bb44f7"
          },
          "sensitive_attributes": [],
          "private": "eyJlMmJmYjczMC1lY2FhLTExZTYtOGY4OC0zNDM2M2JjN2M0YzAiOnsiY3JlYXRlIjo2MDAwMDAwMDAwMDAsImRlbGV0ZSI6OTAwMDAwMDAwMDAwfSwic2NoZW1hX3ZlcnNpb24iOiIxIn0=",
          "dependencies": [
            "aws_vpc.this"
          ]
        }
      ]
    },
    {
      "mode": "managed",
      "type": "aws_security_group",
      "name": "ingress_api",
      "provider": "provider[\"registry.terraform.io/hashicorp/aws\"]",
      "instances": [
        {
          "schema_version": 1,
          "attributes": {
            "arn": "arn:aws:ec2:us-east-1:127293717875:security-group/sg-0b5dc8d8adf77c943",
            "description": "Permit some incoming traffic",
            "egress": [],
            "id": "sg-0b5dc8d8adf77c943",
            "ingress": [
              {
                "cidr_blocks": [
                  "0.0.0.0/0"
                ],
                "description": "",
                "from_port": 3838,
                "ipv6_cidr_blocks": [],
                "prefix_list_ids": [],
                "protocol": "tcp",
                "security_groups": [],
                "self": false,
                "to_port": 3838
              }
            ],
            "name": "ingress-esc-service",
            "name_prefix": "",
            "owner_id": "127293717875",
            "revoke_rules_on_delete": false,
            "tags": {},
            "tags_all": {
              "example": "shiny-example"
            },
            "timeouts": null,
            "vpc_id": "vpc-0c2eb985f93bb44f7"
          },
          "sensitive_attributes": [],
          "private": "eyJlMmJmYjczMC1lY2FhLTExZTYtOGY4OC0zNDM2M2JjN2M0YzAiOnsiY3JlYXRlIjo2MDAwMDAwMDAwMDAsImRlbGV0ZSI6OTAwMDAwMDAwMDAwfSwic2NoZW1hX3ZlcnNpb24iOiIxIn0=",
          "dependencies": [
            "aws_vpc.this"
          ]
        }
      ]
    },
    {
      "mode": "managed",
      "type": "aws_subnet",
      "name": "private",
      "provider": "provider[\"registry.terraform.io/hashicorp/aws\"]",
      "instances": [
        {
          "index_key": 0,
          "schema_version": 1,
          "attributes": {
            "arn": "arn:aws:ec2:us-east-1:127293717875:subnet/subnet-037a1399dcc4a3d54",
            "assign_ipv6_address_on_creation": false,
            "availability_zone": "us-east-1a",
            "availability_zone_id": "use1-az4",
            "cidr_block": "10.0.2.0/24",
            "customer_owned_ipv4_pool": "",
            "enable_dns64": false,
            "enable_lni_at_device_index": 0,
            "enable_resource_name_dns_a_record_on_launch": false,
            "enable_resource_name_dns_aaaa_record_on_launch": false,
            "id": "subnet-037a1399dcc4a3d54",
            "ipv6_cidr_block": "",
            "ipv6_cidr_block_association_id": "",
            "ipv6_native": false,
            "map_customer_owned_ip_on_launch": false,
            "map_public_ip_on_launch": false,
            "outpost_arn": "",
            "owner_id": "127293717875",
            "private_dns_hostname_type_on_launch": "ip-name",
            "tags": {},
            "tags_all": {
              "example": "shiny-example"
            },
            "timeouts": null,
            "vpc_id": "vpc-0c2eb985f93bb44f7"
          },
          "sensitive_attributes": [],
          "private": "eyJlMmJmYjczMC1lY2FhLTExZTYtOGY4OC0zNDM2M2JjN2M0YzAiOnsiY3JlYXRlIjo2MDAwMDAwMDAwMDAsImRlbGV0ZSI6MTIwMDAwMDAwMDAwMH0sInNjaGVtYV92ZXJzaW9uIjoiMSJ9",
          "dependencies": [
            "aws_subnet.public",
            "aws_vpc.this",
            "data.aws_availability_zones.available"
          ]
        },
        {
          "index_key": 1,
          "schema_version": 1,
          "attributes": {
            "arn": "arn:aws:ec2:us-east-1:127293717875:subnet/subnet-02a23182f3746469a",
            "assign_ipv6_address_on_creation": false,
            "availability_zone": "us-east-1b",
            "availability_zone_id": "use1-az6",
            "cidr_block": "10.0.3.0/24",
            "customer_owned_ipv4_pool": "",
            "enable_dns64": false,
            "enable_lni_at_device_index": 0,
            "enable_resource_name_dns_a_record_on_launch": false,
            "enable_resource_name_dns_aaaa_record_on_launch": false,
            "id": "subnet-02a23182f3746469a",
            "ipv6_cidr_block": "",
            "ipv6_cidr_block_association_id": "",
            "ipv6_native": false,
            "map_customer_owned_ip_on_launch": false,
            "map_public_ip_on_launch": false,
            "outpost_arn": "",
            "owner_id": "127293717875",
            "private_dns_hostname_type_on_launch": "ip-name",
            "tags": {},
            "tags_all": {
              "example": "shiny-example"
            },
            "timeouts": null,
            "vpc_id": "vpc-0c2eb985f93bb44f7"
          },
          "sensitive_attributes": [],
          "private": "eyJlMmJmYjczMC1lY2FhLTExZTYtOGY4OC0zNDM2M2JjN2M0YzAiOnsiY3JlYXRlIjo2MDAwMDAwMDAwMDAsImRlbGV0ZSI6MTIwMDAwMDAwMDAwMH0sInNjaGVtYV92ZXJzaW9uIjoiMSJ9",
          "dependencies": [
            "aws_subnet.public",
            "aws_vpc.this",
            "data.aws_availability_zones.available"
          ]
        }
      ]
    },
    {
      "mode": "managed",
      "type": "aws_subnet",
      "name": "public",
      "provider": "provider[\"registry.terraform.io/hashicorp/aws\"]",
      "instances": [
        {
          "index_key": 0,
          "schema_version": 1,
          "attributes": {
            "arn": "arn:aws:ec2:us-east-1:127293717875:subnet/subnet-0109da3d55cf2fddf",
            "assign_ipv6_address_on_creation": false,
            "availability_zone": "us-east-1a",
            "availability_zone_id": "use1-az4",
            "cidr_block": "10.0.0.0/24",
            "customer_owned_ipv4_pool": "",
            "enable_dns64": false,
            "enable_lni_at_device_index": 0,
            "enable_resource_name_dns_a_record_on_launch": false,
            "enable_resource_name_dns_aaaa_record_on_launch": false,
            "id": "subnet-0109da3d55cf2fddf",
            "ipv6_cidr_block": "",
            "ipv6_cidr_block_association_id": "",
            "ipv6_native": false,
            "map_customer_owned_ip_on_launch": false,
            "map_public_ip_on_launch": false,
            "outpost_arn": "",
            "owner_id": "127293717875",
            "private_dns_hostname_type_on_launch": "ip-name",
            "tags": {},
            "tags_all": {
              "example": "shiny-example"
            },
            "timeouts": null,
            "vpc_id": "vpc-0c2eb985f93bb44f7"
          },
          "sensitive_attributes": [],
          "private": "eyJlMmJmYjczMC1lY2FhLTExZTYtOGY4OC0zNDM2M2JjN2M0YzAiOnsiY3JlYXRlIjo2MDAwMDAwMDAwMDAsImRlbGV0ZSI6MTIwMDAwMDAwMDAwMH0sInNjaGVtYV92ZXJzaW9uIjoiMSJ9",
          "dependencies": [
            "aws_vpc.this",
            "data.aws_availability_zones.available"
          ]
        },
        {
          "index_key": 1,
          "schema_version": 1,
          "attributes": {
            "arn": "arn:aws:ec2:us-east-1:127293717875:subnet/subnet-05ac8d1d9001e8b61",
            "assign_ipv6_address_on_creation": false,
            "availability_zone": "us-east-1b",
            "availability_zone_id": "use1-az6",
            "cidr_block": "10.0.1.0/24",
            "customer_owned_ipv4_pool": "",
            "enable_dns64": false,
            "enable_lni_at_device_index": 0,
            "enable_resource_name_dns_a_record_on_launch": false,
            "enable_resource_name_dns_aaaa_record_on_launch": false,
            "id": "subnet-05ac8d1d9001e8b61",
            "ipv6_cidr_block": "",
            "ipv6_cidr_block_association_id": "",
            "ipv6_native": false,
            "map_customer_owned_ip_on_launch": false,
            "map_public_ip_on_launch": false,
            "outpost_arn": "",
            "owner_id": "127293717875",
            "private_dns_hostname_type_on_launch": "ip-name",
            "tags": {},
            "tags_all": {
              "example": "shiny-example"
            },
            "timeouts": null,
            "vpc_id": "vpc-0c2eb985f93bb44f7"
          },
          "sensitive_attributes": [],
          "private": "eyJlMmJmYjczMC1lY2FhLTExZTYtOGY4OC0zNDM2M2JjN2M0YzAiOnsiY3JlYXRlIjo2MDAwMDAwMDAwMDAsImRlbGV0ZSI6MTIwMDAwMDAwMDAwMH0sInNjaGVtYV92ZXJzaW9uIjoiMSJ9",
          "dependencies": [
            "aws_vpc.this",
            "data.aws_availability_zones.available"
          ]
        }
      ]
    },
    {
      "mode": "managed",
      "type": "aws_vpc",
      "name": "this",
      "provider": "provider[\"registry.terraform.io/hashicorp/aws\"]",
      "instances": [
        {
          "schema_version": 1,
          "attributes": {
            "arn": "arn:aws:ec2:us-east-1:127293717875:vpc/vpc-0c2eb985f93bb44f7",
            "assign_generated_ipv6_cidr_block": false,
            "cidr_block": "10.0.0.0/16",
            "default_network_acl_id": "acl-0d758df356776f281",
            "default_route_table_id": "rtb-0328445db3e0c8ec1",
            "default_security_group_id": "sg-08ee1e1a7144959f0",
            "dhcp_options_id": "dopt-04f1275491fdb5d72",
            "enable_dns_hostnames": false,
            "enable_dns_support": true,
            "enable_network_address_usage_metrics": false,
            "id": "vpc-0c2eb985f93bb44f7",
            "instance_tenancy": "default",
            "ipv4_ipam_pool_id": null,
            "ipv4_netmask_length": null,
            "ipv6_association_id": "",
            "ipv6_cidr_block": "",
            "ipv6_cidr_block_network_border_group": "",
            "ipv6_ipam_pool_id": "",
            "ipv6_netmask_length": 0,
            "main_route_table_id": "rtb-0328445db3e0c8ec1",
            "owner_id": "127293717875",
            "tags": {},
            "tags_all": {
              "example": "shiny-example"
            }
          },
          "sensitive_attributes": [],
          "private": "eyJzY2hlbWFfdmVyc2lvbiI6IjEifQ=="
        }
      ]
    }
  ],
  "check_results": null
}
